// !$*UTF8*$!
{
	archiveVersion = 1;
	classes = {
	};
	objectVersion = 55;
	objects = {

/* Begin PBXBuildFile section */
		3EAAE80E3335DBA59222BD13 /* Pods_SportsApplication_SportsApplicationUITests.framework in Frameworks */ = {isa = PBXBuildFile; fileRef = 2C22F05AD49AEED395B81A01 /* Pods_SportsApplication_SportsApplicationUITests.framework */; };
		8B052A802C03460300860022 /* LeagueDetailsViewModelTest.swift in Sources */ = {isa = PBXBuildFile; fileRef = 8B052A7F2C03460300860022 /* LeagueDetailsViewModelTest.swift */; };
		8B052A842C0354EE00860022 /* LeagueDetailsViewModelTest.swift in Sources */ = {isa = PBXBuildFile; fileRef = 8B052A832C0354EE00860022 /* LeagueDetailsViewModelTest.swift */; };
		8B062B1F2BFB65A1005762B0 /* LeagueCell.swift in Sources */ = {isa = PBXBuildFile; fileRef = 8B062B1D2BFB65A1005762B0 /* LeagueCell.swift */; };
		8B062B202BFB65A1005762B0 /* LeagueCell.xib in Resources */ = {isa = PBXBuildFile; fileRef = 8B062B1E2BFB65A1005762B0 /* LeagueCell.xib */; };
		8B062B262BFB6747005762B0 /* Network.swift in Sources */ = {isa = PBXBuildFile; fileRef = 8B062B252BFB6747005762B0 /* Network.swift */; };
		8B062B282BFB675D005762B0 /* NetworkProtocol.swift in Sources */ = {isa = PBXBuildFile; fileRef = 8B062B272BFB675D005762B0 /* NetworkProtocol.swift */; };
		8B062B2A2BFB679A005762B0 /* DBManger.swift in Sources */ = {isa = PBXBuildFile; fileRef = 8B062B292BFB679A005762B0 /* DBManger.swift */; };
		8B7F99A72BFFAF5D00B264FE /* LeagueLocal.swift in Sources */ = {isa = PBXBuildFile; fileRef = 8B7F99A62BFFAF5D00B264FE /* LeagueLocal.swift */; };
		8B7F99A92BFFBA7F00B264FE /* FavouriteViewController.swift in Sources */ = {isa = PBXBuildFile; fileRef = 8B7F99A82BFFBA7F00B264FE /* FavouriteViewController.swift */; };
		8B829C662BFE2B280094BAB1 /* MyResponse.swift in Sources */ = {isa = PBXBuildFile; fileRef = 8B829C652BFE2B280094BAB1 /* MyResponse.swift */; };
		8B829C6A2BFE4C880094BAB1 /* LeagueDetailsViewModel.swift in Sources */ = {isa = PBXBuildFile; fileRef = 8B829C692BFE4C880094BAB1 /* LeagueDetailsViewModel.swift */; };
		8B829C6D2BFE4DA40094BAB1 /* Constants.swift in Sources */ = {isa = PBXBuildFile; fileRef = 8B829C6C2BFE4DA40094BAB1 /* Constants.swift */; };
		8B829C6F2BFE81650094BAB1 /* HeaderReusableView.swift in Sources */ = {isa = PBXBuildFile; fileRef = 8B829C6E2BFE81650094BAB1 /* HeaderReusableView.swift */; };
		8BBCEDF92BFDB34600164E8B /* Event.swift in Sources */ = {isa = PBXBuildFile; fileRef = 8BBCEDF82BFDB34600164E8B /* Event.swift */; };
		8BBCEE012BFDB48F00164E8B /* UpComingEventCell.xib in Resources */ = {isa = PBXBuildFile; fileRef = 8BBCEE002BFDB48F00164E8B /* UpComingEventCell.xib */; };
		8BBCEE022BFDB48F00164E8B /* UpComingEventCell.swift in Sources */ = {isa = PBXBuildFile; fileRef = 8BBCEDFF2BFDB48F00164E8B /* UpComingEventCell.swift */; };
		8BBCEE052BFDD6E000164E8B /* LatestEventCell.xib in Resources */ = {isa = PBXBuildFile; fileRef = 8BBCEE042BFDD6E000164E8B /* LatestEventCell.xib */; };
		8BBCEE062BFDD6E000164E8B /* LatestEventCell.swift in Sources */ = {isa = PBXBuildFile; fileRef = 8BBCEE032BFDD6E000164E8B /* LatestEventCell.swift */; };
		8BBCEE092BFDE59E00164E8B /* TeamCell.xib in Resources */ = {isa = PBXBuildFile; fileRef = 8BBCEE082BFDE59E00164E8B /* TeamCell.xib */; };
		8BBCEE0A2BFDE59E00164E8B /* TeamCell.swift in Sources */ = {isa = PBXBuildFile; fileRef = 8BBCEE072BFDE59E00164E8B /* TeamCell.swift */; };
		8BBCEE0C2BFE17D400164E8B /* Team.swift in Sources */ = {isa = PBXBuildFile; fileRef = 8BBCEE0B2BFE17D400164E8B /* Team.swift */; };
		8BBCEE0E2BFE1DB300164E8B /* LeagueDetailsController.swift in Sources */ = {isa = PBXBuildFile; fileRef = 8BBCEE0D2BFE1DB300164E8B /* LeagueDetailsController.swift */; };
		8BDE6E9C2C020C15000D571E /* ApiResponse.swift in Sources */ = {isa = PBXBuildFile; fileRef = 8BDE6E9B2C020C15000D571E /* ApiResponse.swift */; };
		8BDE6EA12C024D30000D571E /* PlayerCell.swift in Sources */ = {isa = PBXBuildFile; fileRef = 8BDE6E9F2C024D30000D571E /* PlayerCell.swift */; };
		8BDE6EA22C024D30000D571E /* PlayerCell.xib in Resources */ = {isa = PBXBuildFile; fileRef = 8BDE6EA02C024D30000D571E /* PlayerCell.xib */; };
		8BDE6EA62C026052000D571E /* NetworkServiceTest.swift in Sources */ = {isa = PBXBuildFile; fileRef = 8BDE6EA52C026052000D571E /* NetworkServiceTest.swift */; };
		8BDE6EA82C028A7C000D571E /* CoreDataTest.swift in Sources */ = {isa = PBXBuildFile; fileRef = 8BDE6EA72C028A7C000D571E /* CoreDataTest.swift */; };
		8BEA69F82BFBDCAA0028BB33 /* test.swift in Sources */ = {isa = PBXBuildFile; fileRef = 8BEA69F72BFBDCAA0028BB33 /* test.swift */; };
		8BEA69FA2BFBDCC30028BB33 /* test1.swift in Sources */ = {isa = PBXBuildFile; fileRef = 8BEA69F92BFBDCC30028BB33 /* test1.swift */; };
		8BEA69FC2BFBDCD90028BB33 /* test3.swift in Sources */ = {isa = PBXBuildFile; fileRef = 8BEA69FB2BFBDCD90028BB33 /* test3.swift */; };
		8BEA69FE2BFBDCEE0028BB33 /* test4.swift in Sources */ = {isa = PBXBuildFile; fileRef = 8BEA69FD2BFBDCEE0028BB33 /* test4.swift */; };
		8BEA6A002BFBDD180028BB33 /* test5.swift in Sources */ = {isa = PBXBuildFile; fileRef = 8BEA69FF2BFBDD180028BB33 /* test5.swift */; };
		8BEA6A022BFBF70B0028BB33 /* HomeViewController.swift in Sources */ = {isa = PBXBuildFile; fileRef = 8BEA6A012BFBF70B0028BB33 /* HomeViewController.swift */; };
		8BEA6A042BFBF9CB0028BB33 /* Sport.swift in Sources */ = {isa = PBXBuildFile; fileRef = 8BEA6A032BFBF9CB0028BB33 /* Sport.swift */; };
		8BEA6A082BFBFFDE0028BB33 /* HomeCollectionViewCell.swift in Sources */ = {isa = PBXBuildFile; fileRef = 8BEA6A072BFBFFDE0028BB33 /* HomeCollectionViewCell.swift */; };
		B69BAB3B2BFCCAC5005E3BEC /* SecondStoryboard.storyboard in Resources */ = {isa = PBXBuildFile; fileRef = B69BAB3A2BFCCAC5005E3BEC /* SecondStoryboard.storyboard */; };
		B6AF94C32BFF970D00E18AAF /* SportsApplication.xcdatamodeld in Sources */ = {isa = PBXBuildFile; fileRef = B6AF94C12BFF970D00E18AAF /* SportsApplication.xcdatamodeld */; };
		B6AF94C92C000BAA00E18AAF /* FavouritesViewModelProtocol.swift in Sources */ = {isa = PBXBuildFile; fileRef = B6AF94C82C000BAA00E18AAF /* FavouritesViewModelProtocol.swift */; };
		B6AF94CB2C000BBA00E18AAF /* FavouritesViewModel.swift in Sources */ = {isa = PBXBuildFile; fileRef = B6AF94CA2C000BBA00E18AAF /* FavouritesViewModel.swift */; };
		B6AF94CD2C000E1800E18AAF /* DBManagerProtocol.swift in Sources */ = {isa = PBXBuildFile; fileRef = B6AF94CC2C000E1800E18AAF /* DBManagerProtocol.swift */; };
		B6AF94D22C0108E600E18AAF /* Coaches.swift in Sources */ = {isa = PBXBuildFile; fileRef = B6AF94CE2C0108E500E18AAF /* Coaches.swift */; };
		B6AF94D32C0108E600E18AAF /* Result.swift in Sources */ = {isa = PBXBuildFile; fileRef = B6AF94CF2C0108E500E18AAF /* Result.swift */; };
		B6AF94D42C0108E600E18AAF /* TeamDetails.swift in Sources */ = {isa = PBXBuildFile; fileRef = B6AF94D02C0108E500E18AAF /* TeamDetails.swift */; };
		B6AF94D52C0108E600E18AAF /* Players.swift in Sources */ = {isa = PBXBuildFile; fileRef = B6AF94D12C0108E600E18AAF /* Players.swift */; };
		B6C60AFE2C014AB000F7B997 /* TeamDetailsViewController.swift in Sources */ = {isa = PBXBuildFile; fileRef = B6C60AFD2C014AB000F7B997 /* TeamDetailsViewController.swift */; };
		B6C60B002C01F0F600F7B997 /* DependencyProvider.swift in Sources */ = {isa = PBXBuildFile; fileRef = B6C60AFF2C01F0F600F7B997 /* DependencyProvider.swift */; };
		B6C60B092C0208E500F7B997 /* TeamDetailsCell.swift in Sources */ = {isa = PBXBuildFile; fileRef = B6C60B072C0208E500F7B997 /* TeamDetailsCell.swift */; };
		B6C60B0A2C0208E500F7B997 /* TeamDetailsCell.xib in Resources */ = {isa = PBXBuildFile; fileRef = B6C60B082C0208E500F7B997 /* TeamDetailsCell.xib */; };
		B6D1DCF02BFEA89A00AFFA2F /* League.swift in Sources */ = {isa = PBXBuildFile; fileRef = B6D1DCEF2BFEA89A00AFFA2F /* League.swift */; };
		B6D1DCF22BFEA8C000AFFA2F /* LeagueResult.swift in Sources */ = {isa = PBXBuildFile; fileRef = B6D1DCF12BFEA8C000AFFA2F /* LeagueResult.swift */; };
		B6D1DCF62BFEA94000AFFA2F /* LeagueViewController.swift in Sources */ = {isa = PBXBuildFile; fileRef = B6D1DCF52BFEA94000AFFA2F /* LeagueViewController.swift */; };
		B6D1DCFC2BFEAB8B00AFFA2F /* LeaguesViewModelProtocol.swift in Sources */ = {isa = PBXBuildFile; fileRef = B6D1DCFB2BFEAB8B00AFFA2F /* LeaguesViewModelProtocol.swift */; };
		B6D1DCFE2BFEABAD00AFFA2F /* LeaguesViewModel.swift in Sources */ = {isa = PBXBuildFile; fileRef = B6D1DCFD2BFEABAD00AFFA2F /* LeaguesViewModel.swift */; };
		B6D1DD182BFEDBF800AFFA2F /* TeamsDetailsViewModelProtocol.swift in Sources */ = {isa = PBXBuildFile; fileRef = B6D1DD172BFEDBF800AFFA2F /* TeamsDetailsViewModelProtocol.swift */; };
		B6D1DD1A2BFEDC2400AFFA2F /* TeamsDetailsViewModel.swift in Sources */ = {isa = PBXBuildFile; fileRef = B6D1DD192BFEDC2400AFFA2F /* TeamsDetailsViewModel.swift */; };
		B6DBD8FE2BE05732007116CC /* AppDelegate.swift in Sources */ = {isa = PBXBuildFile; fileRef = B6DBD8FD2BE05732007116CC /* AppDelegate.swift */; };
		B6DBD9002BE05732007116CC /* SceneDelegate.swift in Sources */ = {isa = PBXBuildFile; fileRef = B6DBD8FF2BE05732007116CC /* SceneDelegate.swift */; };
		B6DBD9022BE05732007116CC /* ViewController.swift in Sources */ = {isa = PBXBuildFile; fileRef = B6DBD9012BE05732007116CC /* ViewController.swift */; };
		B6DBD9052BE05732007116CC /* Main.storyboard in Resources */ = {isa = PBXBuildFile; fileRef = B6DBD9032BE05732007116CC /* Main.storyboard */; };
		B6DBD9072BE05734007116CC /* Assets.xcassets in Resources */ = {isa = PBXBuildFile; fileRef = B6DBD9062BE05734007116CC /* Assets.xcassets */; };
		B6DBD90A2BE05734007116CC /* LaunchScreen.storyboard in Resources */ = {isa = PBXBuildFile; fileRef = B6DBD9082BE05734007116CC /* LaunchScreen.storyboard */; };
		B6DBD9152BE05734007116CC /* SportsApplicationTests.swift in Sources */ = {isa = PBXBuildFile; fileRef = B6DBD9142BE05734007116CC /* SportsApplicationTests.swift */; };
		B6DBD91F2BE05734007116CC /* SportsApplicationUITests.swift in Sources */ = {isa = PBXBuildFile; fileRef = B6DBD91E2BE05734007116CC /* SportsApplicationUITests.swift */; };
		B6DBD9212BE05734007116CC /* SportsApplicationUITestsLaunchTests.swift in Sources */ = {isa = PBXBuildFile; fileRef = B6DBD9202BE05734007116CC /* SportsApplicationUITestsLaunchTests.swift */; };
		D06BB36D56604A37BFFC2FCF /* Pods_SportsApplication.framework in Frameworks */ = {isa = PBXBuildFile; fileRef = 29B317AA78FD1A93E6A82493 /* Pods_SportsApplication.framework */; };
/* End PBXBuildFile section */

/* Begin PBXContainerItemProxy section */
		B6DBD9112BE05734007116CC /* PBXContainerItemProxy */ = {
			isa = PBXContainerItemProxy;
			containerPortal = B6DBD8F22BE05732007116CC /* Project object */;
			proxyType = 1;
			remoteGlobalIDString = B6DBD8F92BE05732007116CC;
			remoteInfo = SportsApplication;
		};
		B6DBD91B2BE05734007116CC /* PBXContainerItemProxy */ = {
			isa = PBXContainerItemProxy;
			containerPortal = B6DBD8F22BE05732007116CC /* Project object */;
			proxyType = 1;
			remoteGlobalIDString = B6DBD8F92BE05732007116CC;
			remoteInfo = SportsApplication;
		};
/* End PBXContainerItemProxy section */

/* Begin PBXFileReference section */
		29B317AA78FD1A93E6A82493 /* Pods_SportsApplication.framework */ = {isa = PBXFileReference; explicitFileType = wrapper.framework; includeInIndex = 0; path = Pods_SportsApplication.framework; sourceTree = BUILT_PRODUCTS_DIR; };
		2C22F05AD49AEED395B81A01 /* Pods_SportsApplication_SportsApplicationUITests.framework */ = {isa = PBXFileReference; explicitFileType = wrapper.framework; includeInIndex = 0; path = Pods_SportsApplication_SportsApplicationUITests.framework; sourceTree = BUILT_PRODUCTS_DIR; };
		3A71322B0C7E459B2FBF0D5E /* Pods-SportsApplication-SportsApplicationUITests.release.xcconfig */ = {isa = PBXFileReference; includeInIndex = 1; lastKnownFileType = text.xcconfig; name = "Pods-SportsApplication-SportsApplicationUITests.release.xcconfig"; path = "Target Support Files/Pods-SportsApplication-SportsApplicationUITests/Pods-SportsApplication-SportsApplicationUITests.release.xcconfig"; sourceTree = "<group>"; };
		8B052A7F2C03460300860022 /* LeagueDetailsViewModelTest.swift */ = {isa = PBXFileReference; lastKnownFileType = sourcecode.swift; name = LeagueDetailsViewModelTest.swift; path = /Users/ahmedrefat/Desktop/SportsApplication/SportsApplicationTests/LeagueDetailsViewModelTest.swift; sourceTree = "<absolute>"; };
		8B052A832C0354EE00860022 /* LeagueDetailsViewModelTest.swift */ = {isa = PBXFileReference; fileEncoding = 4; lastKnownFileType = sourcecode.swift; path = LeagueDetailsViewModelTest.swift; sourceTree = "<group>"; };
		8B062B1D2BFB65A1005762B0 /* LeagueCell.swift */ = {isa = PBXFileReference; lastKnownFileType = sourcecode.swift; path = LeagueCell.swift; sourceTree = "<group>"; };
		8B062B1E2BFB65A1005762B0 /* LeagueCell.xib */ = {isa = PBXFileReference; lastKnownFileType = file.xib; path = LeagueCell.xib; sourceTree = "<group>"; };
		8B062B252BFB6747005762B0 /* Network.swift */ = {isa = PBXFileReference; lastKnownFileType = sourcecode.swift; path = Network.swift; sourceTree = "<group>"; };
		8B062B272BFB675D005762B0 /* NetworkProtocol.swift */ = {isa = PBXFileReference; lastKnownFileType = sourcecode.swift; path = NetworkProtocol.swift; sourceTree = "<group>"; };
		8B062B292BFB679A005762B0 /* DBManger.swift */ = {isa = PBXFileReference; lastKnownFileType = sourcecode.swift; path = DBManger.swift; sourceTree = "<group>"; };
		8B7F99A62BFFAF5D00B264FE /* LeagueLocal.swift */ = {isa = PBXFileReference; lastKnownFileType = sourcecode.swift; path = LeagueLocal.swift; sourceTree = "<group>"; };
		8B7F99A82BFFBA7F00B264FE /* FavouriteViewController.swift */ = {isa = PBXFileReference; lastKnownFileType = sourcecode.swift; path = FavouriteViewController.swift; sourceTree = "<group>"; };
		8B829C652BFE2B280094BAB1 /* MyResponse.swift */ = {isa = PBXFileReference; lastKnownFileType = sourcecode.swift; path = MyResponse.swift; sourceTree = "<group>"; };
		8B829C692BFE4C880094BAB1 /* LeagueDetailsViewModel.swift */ = {isa = PBXFileReference; lastKnownFileType = sourcecode.swift; path = LeagueDetailsViewModel.swift; sourceTree = "<group>"; };
		8B829C6C2BFE4DA40094BAB1 /* Constants.swift */ = {isa = PBXFileReference; lastKnownFileType = sourcecode.swift; path = Constants.swift; sourceTree = "<group>"; };
		8B829C6E2BFE81650094BAB1 /* HeaderReusableView.swift */ = {isa = PBXFileReference; lastKnownFileType = sourcecode.swift; path = HeaderReusableView.swift; sourceTree = "<group>"; };
		8BBCEDF82BFDB34600164E8B /* Event.swift */ = {isa = PBXFileReference; lastKnownFileType = sourcecode.swift; path = Event.swift; sourceTree = "<group>"; };
		8BBCEDFF2BFDB48F00164E8B /* UpComingEventCell.swift */ = {isa = PBXFileReference; lastKnownFileType = sourcecode.swift; path = UpComingEventCell.swift; sourceTree = "<group>"; };
		8BBCEE002BFDB48F00164E8B /* UpComingEventCell.xib */ = {isa = PBXFileReference; lastKnownFileType = file.xib; path = UpComingEventCell.xib; sourceTree = "<group>"; };
		8BBCEE032BFDD6E000164E8B /* LatestEventCell.swift */ = {isa = PBXFileReference; lastKnownFileType = sourcecode.swift; path = LatestEventCell.swift; sourceTree = "<group>"; };
		8BBCEE042BFDD6E000164E8B /* LatestEventCell.xib */ = {isa = PBXFileReference; lastKnownFileType = file.xib; path = LatestEventCell.xib; sourceTree = "<group>"; };
		8BBCEE072BFDE59E00164E8B /* TeamCell.swift */ = {isa = PBXFileReference; lastKnownFileType = sourcecode.swift; path = TeamCell.swift; sourceTree = "<group>"; };
		8BBCEE082BFDE59E00164E8B /* TeamCell.xib */ = {isa = PBXFileReference; lastKnownFileType = file.xib; path = TeamCell.xib; sourceTree = "<group>"; };
		8BBCEE0B2BFE17D400164E8B /* Team.swift */ = {isa = PBXFileReference; lastKnownFileType = sourcecode.swift; path = Team.swift; sourceTree = "<group>"; };
		8BBCEE0D2BFE1DB300164E8B /* LeagueDetailsController.swift */ = {isa = PBXFileReference; lastKnownFileType = sourcecode.swift; path = LeagueDetailsController.swift; sourceTree = "<group>"; };
		8BDE6E9B2C020C15000D571E /* ApiResponse.swift */ = {isa = PBXFileReference; lastKnownFileType = sourcecode.swift; path = ApiResponse.swift; sourceTree = "<group>"; };
		8BDE6E9F2C024D30000D571E /* PlayerCell.swift */ = {isa = PBXFileReference; lastKnownFileType = sourcecode.swift; path = PlayerCell.swift; sourceTree = "<group>"; };
		8BDE6EA02C024D30000D571E /* PlayerCell.xib */ = {isa = PBXFileReference; lastKnownFileType = file.xib; path = PlayerCell.xib; sourceTree = "<group>"; };
		8BDE6EA52C026052000D571E /* NetworkServiceTest.swift */ = {isa = PBXFileReference; lastKnownFileType = sourcecode.swift; name = NetworkServiceTest.swift; path = SportsApplicationTests/NetworkServiceTest.swift; sourceTree = SOURCE_ROOT; };
		8BDE6EA72C028A7C000D571E /* CoreDataTest.swift */ = {isa = PBXFileReference; lastKnownFileType = sourcecode.swift; name = CoreDataTest.swift; path = SportsApplicationTests/CoreDataTest.swift; sourceTree = SOURCE_ROOT; };
		8BDF8CB62C00846500D15C48 /* Nunito-VariableFont_wght.ttf */ = {isa = PBXFileReference; lastKnownFileType = file; path = "Nunito-VariableFont_wght.ttf"; sourceTree = "<group>"; };
		8BDF8CB72C00846500D15C48 /* Nunito-Italic-VariableFont_wght.ttf */ = {isa = PBXFileReference; lastKnownFileType = file; path = "Nunito-Italic-VariableFont_wght.ttf"; sourceTree = "<group>"; };
		8BDF8CB82C00846500D15C48 /* OFL.txt */ = {isa = PBXFileReference; lastKnownFileType = text; path = OFL.txt; sourceTree = "<group>"; };
		8BDF8CB92C00846600D15C48 /* README.txt */ = {isa = PBXFileReference; lastKnownFileType = text; path = README.txt; sourceTree = "<group>"; };
		8BDF8CBB2C00846600D15C48 /* Nunito-Black.ttf */ = {isa = PBXFileReference; lastKnownFileType = file; path = "Nunito-Black.ttf"; sourceTree = "<group>"; };
		8BDF8CBC2C00846600D15C48 /* Nunito-Italic.ttf */ = {isa = PBXFileReference; lastKnownFileType = file; path = "Nunito-Italic.ttf"; sourceTree = "<group>"; };
		8BDF8CBD2C00846600D15C48 /* Nunito-ExtraBoldItalic.ttf */ = {isa = PBXFileReference; lastKnownFileType = file; path = "Nunito-ExtraBoldItalic.ttf"; sourceTree = "<group>"; };
		8BDF8CBE2C00846600D15C48 /* Nunito-Regular.ttf */ = {isa = PBXFileReference; lastKnownFileType = file; path = "Nunito-Regular.ttf"; sourceTree = "<group>"; };
		8BDF8CBF2C00846600D15C48 /* Nunito-Medium.ttf */ = {isa = PBXFileReference; lastKnownFileType = file; path = "Nunito-Medium.ttf"; sourceTree = "<group>"; };
		8BDF8CC02C00846600D15C48 /* Nunito-BlackItalic.ttf */ = {isa = PBXFileReference; lastKnownFileType = file; path = "Nunito-BlackItalic.ttf"; sourceTree = "<group>"; };
		8BDF8CC12C00846600D15C48 /* Nunito-BoldItalic.ttf */ = {isa = PBXFileReference; lastKnownFileType = file; path = "Nunito-BoldItalic.ttf"; sourceTree = "<group>"; };
		8BDF8CC22C00846700D15C48 /* Nunito-ExtraLight.ttf */ = {isa = PBXFileReference; lastKnownFileType = file; path = "Nunito-ExtraLight.ttf"; sourceTree = "<group>"; };
		8BDF8CC32C00846700D15C48 /* Nunito-Bold.ttf */ = {isa = PBXFileReference; lastKnownFileType = file; path = "Nunito-Bold.ttf"; sourceTree = "<group>"; };
		8BDF8CC42C00846700D15C48 /* Nunito-SemiBold.ttf */ = {isa = PBXFileReference; lastKnownFileType = file; path = "Nunito-SemiBold.ttf"; sourceTree = "<group>"; };
		8BDF8CC52C00846700D15C48 /* Nunito-LightItalic.ttf */ = {isa = PBXFileReference; lastKnownFileType = file; path = "Nunito-LightItalic.ttf"; sourceTree = "<group>"; };
		8BDF8CC62C00846700D15C48 /* Nunito-ExtraLightItalic.ttf */ = {isa = PBXFileReference; lastKnownFileType = file; path = "Nunito-ExtraLightItalic.ttf"; sourceTree = "<group>"; };
		8BDF8CC72C00846700D15C48 /* Nunito-MediumItalic.ttf */ = {isa = PBXFileReference; lastKnownFileType = file; path = "Nunito-MediumItalic.ttf"; sourceTree = "<group>"; };
		8BDF8CC82C00846700D15C48 /* Nunito-SemiBoldItalic.ttf */ = {isa = PBXFileReference; lastKnownFileType = file; path = "Nunito-SemiBoldItalic.ttf"; sourceTree = "<group>"; };
		8BDF8CC92C00846700D15C48 /* Nunito-ExtraBold.ttf */ = {isa = PBXFileReference; lastKnownFileType = file; path = "Nunito-ExtraBold.ttf"; sourceTree = "<group>"; };
		8BDF8CCA2C00846700D15C48 /* Nunito-Light.ttf */ = {isa = PBXFileReference; lastKnownFileType = file; path = "Nunito-Light.ttf"; sourceTree = "<group>"; };
		8BEA69F72BFBDCAA0028BB33 /* test.swift */ = {isa = PBXFileReference; lastKnownFileType = sourcecode.swift; name = test.swift; path = SportsApplication/Module/test.swift; sourceTree = SOURCE_ROOT; };
		8BEA69F92BFBDCC30028BB33 /* test1.swift */ = {isa = PBXFileReference; lastKnownFileType = sourcecode.swift; path = test1.swift; sourceTree = "<group>"; };
		8BEA69FB2BFBDCD90028BB33 /* test3.swift */ = {isa = PBXFileReference; lastKnownFileType = sourcecode.swift; path = test3.swift; sourceTree = "<group>"; };
		8BEA69FD2BFBDCEE0028BB33 /* test4.swift */ = {isa = PBXFileReference; lastKnownFileType = sourcecode.swift; path = test4.swift; sourceTree = "<group>"; };
		8BEA69FF2BFBDD180028BB33 /* test5.swift */ = {isa = PBXFileReference; lastKnownFileType = sourcecode.swift; name = test5.swift; path = SportsApplication/Module/TeamDetails/test5.swift; sourceTree = SOURCE_ROOT; };
		8BEA6A012BFBF70B0028BB33 /* HomeViewController.swift */ = {isa = PBXFileReference; lastKnownFileType = sourcecode.swift; name = HomeViewController.swift; path = SportsApplication/Module/HomeViewController.swift; sourceTree = SOURCE_ROOT; };
		8BEA6A032BFBF9CB0028BB33 /* Sport.swift */ = {isa = PBXFileReference; lastKnownFileType = sourcecode.swift; name = Sport.swift; path = SportsApplication/Module/Sport.swift; sourceTree = SOURCE_ROOT; };
		8BEA6A072BFBFFDE0028BB33 /* HomeCollectionViewCell.swift */ = {isa = PBXFileReference; lastKnownFileType = sourcecode.swift; name = HomeCollectionViewCell.swift; path = SportsApplication/Module/HomeCollectionViewCell.swift; sourceTree = SOURCE_ROOT; };
		A450125F74FD7990185ABBA6 /* Pods-SportsApplication.debug.xcconfig */ = {isa = PBXFileReference; includeInIndex = 1; lastKnownFileType = text.xcconfig; name = "Pods-SportsApplication.debug.xcconfig"; path = "Target Support Files/Pods-SportsApplication/Pods-SportsApplication.debug.xcconfig"; sourceTree = "<group>"; };
		B69BAB3A2BFCCAC5005E3BEC /* SecondStoryboard.storyboard */ = {isa = PBXFileReference; lastKnownFileType = file.storyboard; path = SecondStoryboard.storyboard; sourceTree = "<group>"; };
		B6AF94C22BFF970D00E18AAF /* SportsApplication.xcdatamodel */ = {isa = PBXFileReference; lastKnownFileType = wrapper.xcdatamodel; path = SportsApplication.xcdatamodel; sourceTree = "<group>"; };
		B6AF94C82C000BAA00E18AAF /* FavouritesViewModelProtocol.swift */ = {isa = PBXFileReference; lastKnownFileType = sourcecode.swift; path = FavouritesViewModelProtocol.swift; sourceTree = "<group>"; };
		B6AF94CA2C000BBA00E18AAF /* FavouritesViewModel.swift */ = {isa = PBXFileReference; lastKnownFileType = sourcecode.swift; path = FavouritesViewModel.swift; sourceTree = "<group>"; };
		B6AF94CC2C000E1800E18AAF /* DBManagerProtocol.swift */ = {isa = PBXFileReference; lastKnownFileType = sourcecode.swift; path = DBManagerProtocol.swift; sourceTree = "<group>"; };
		B6AF94CE2C0108E500E18AAF /* Coaches.swift */ = {isa = PBXFileReference; fileEncoding = 4; lastKnownFileType = sourcecode.swift; path = Coaches.swift; sourceTree = "<group>"; };
		B6AF94CF2C0108E500E18AAF /* Result.swift */ = {isa = PBXFileReference; fileEncoding = 4; lastKnownFileType = sourcecode.swift; path = Result.swift; sourceTree = "<group>"; };
		B6AF94D02C0108E500E18AAF /* TeamDetails.swift */ = {isa = PBXFileReference; fileEncoding = 4; lastKnownFileType = sourcecode.swift; path = TeamDetails.swift; sourceTree = "<group>"; };
		B6AF94D12C0108E600E18AAF /* Players.swift */ = {isa = PBXFileReference; fileEncoding = 4; lastKnownFileType = sourcecode.swift; path = Players.swift; sourceTree = "<group>"; };
		B6C60AFD2C014AB000F7B997 /* TeamDetailsViewController.swift */ = {isa = PBXFileReference; lastKnownFileType = sourcecode.swift; path = TeamDetailsViewController.swift; sourceTree = "<group>"; };
		B6C60AFF2C01F0F600F7B997 /* DependencyProvider.swift */ = {isa = PBXFileReference; lastKnownFileType = sourcecode.swift; path = DependencyProvider.swift; sourceTree = "<group>"; };
		B6C60B072C0208E500F7B997 /* TeamDetailsCell.swift */ = {isa = PBXFileReference; lastKnownFileType = sourcecode.swift; path = TeamDetailsCell.swift; sourceTree = "<group>"; };
		B6C60B082C0208E500F7B997 /* TeamDetailsCell.xib */ = {isa = PBXFileReference; lastKnownFileType = file.xib; path = TeamDetailsCell.xib; sourceTree = "<group>"; };
		B6D1DCEF2BFEA89A00AFFA2F /* League.swift */ = {isa = PBXFileReference; lastKnownFileType = sourcecode.swift; name = League.swift; path = SportsApplication/View/League.swift; sourceTree = SOURCE_ROOT; };
		B6D1DCF12BFEA8C000AFFA2F /* LeagueResult.swift */ = {isa = PBXFileReference; lastKnownFileType = sourcecode.swift; name = LeagueResult.swift; path = SportsApplication/View/LeagueResult.swift; sourceTree = SOURCE_ROOT; };
		B6D1DCF52BFEA94000AFFA2F /* LeagueViewController.swift */ = {isa = PBXFileReference; lastKnownFileType = sourcecode.swift; path = LeagueViewController.swift; sourceTree = "<group>"; };
		B6D1DCFB2BFEAB8B00AFFA2F /* LeaguesViewModelProtocol.swift */ = {isa = PBXFileReference; lastKnownFileType = sourcecode.swift; path = LeaguesViewModelProtocol.swift; sourceTree = "<group>"; };
		B6D1DCFD2BFEABAD00AFFA2F /* LeaguesViewModel.swift */ = {isa = PBXFileReference; lastKnownFileType = sourcecode.swift; path = LeaguesViewModel.swift; sourceTree = "<group>"; };
		B6D1DD172BFEDBF800AFFA2F /* TeamsDetailsViewModelProtocol.swift */ = {isa = PBXFileReference; lastKnownFileType = sourcecode.swift; path = TeamsDetailsViewModelProtocol.swift; sourceTree = "<group>"; };
		B6D1DD192BFEDC2400AFFA2F /* TeamsDetailsViewModel.swift */ = {isa = PBXFileReference; lastKnownFileType = sourcecode.swift; path = TeamsDetailsViewModel.swift; sourceTree = "<group>"; };
		B6DBD8FA2BE05732007116CC /* SportsApplication.app */ = {isa = PBXFileReference; explicitFileType = wrapper.application; includeInIndex = 0; path = SportsApplication.app; sourceTree = BUILT_PRODUCTS_DIR; };
		B6DBD8FD2BE05732007116CC /* AppDelegate.swift */ = {isa = PBXFileReference; lastKnownFileType = sourcecode.swift; path = AppDelegate.swift; sourceTree = "<group>"; };
		B6DBD8FF2BE05732007116CC /* SceneDelegate.swift */ = {isa = PBXFileReference; lastKnownFileType = sourcecode.swift; path = SceneDelegate.swift; sourceTree = "<group>"; };
		B6DBD9012BE05732007116CC /* ViewController.swift */ = {isa = PBXFileReference; lastKnownFileType = sourcecode.swift; path = ViewController.swift; sourceTree = "<group>"; };
		B6DBD9042BE05732007116CC /* Base */ = {isa = PBXFileReference; lastKnownFileType = file.storyboard; name = Base; path = Base.lproj/Main.storyboard; sourceTree = "<group>"; };
		B6DBD9062BE05734007116CC /* Assets.xcassets */ = {isa = PBXFileReference; lastKnownFileType = folder.assetcatalog; path = Assets.xcassets; sourceTree = "<group>"; };
		B6DBD9092BE05734007116CC /* Base */ = {isa = PBXFileReference; lastKnownFileType = file.storyboard; name = Base; path = Base.lproj/LaunchScreen.storyboard; sourceTree = "<group>"; };
		B6DBD90B2BE05734007116CC /* Info.plist */ = {isa = PBXFileReference; lastKnownFileType = text.plist.xml; path = Info.plist; sourceTree = "<group>"; };
		B6DBD9102BE05734007116CC /* SportsApplicationTests.xctest */ = {isa = PBXFileReference; explicitFileType = wrapper.cfbundle; includeInIndex = 0; path = SportsApplicationTests.xctest; sourceTree = BUILT_PRODUCTS_DIR; };
		B6DBD9142BE05734007116CC /* SportsApplicationTests.swift */ = {isa = PBXFileReference; lastKnownFileType = sourcecode.swift; path = SportsApplicationTests.swift; sourceTree = "<group>"; };
		B6DBD91A2BE05734007116CC /* SportsApplicationUITests.xctest */ = {isa = PBXFileReference; explicitFileType = wrapper.cfbundle; includeInIndex = 0; path = SportsApplicationUITests.xctest; sourceTree = BUILT_PRODUCTS_DIR; };
		B6DBD91E2BE05734007116CC /* SportsApplicationUITests.swift */ = {isa = PBXFileReference; lastKnownFileType = sourcecode.swift; path = SportsApplicationUITests.swift; sourceTree = "<group>"; };
		B6DBD9202BE05734007116CC /* SportsApplicationUITestsLaunchTests.swift */ = {isa = PBXFileReference; lastKnownFileType = sourcecode.swift; path = SportsApplicationUITestsLaunchTests.swift; sourceTree = "<group>"; };
		B7A1C44CA5602819005456C0 /* Pods-SportsApplication.release.xcconfig */ = {isa = PBXFileReference; includeInIndex = 1; lastKnownFileType = text.xcconfig; name = "Pods-SportsApplication.release.xcconfig"; path = "Target Support Files/Pods-SportsApplication/Pods-SportsApplication.release.xcconfig"; sourceTree = "<group>"; };
		D985F15AA547832E6A1E9570 /* Pods-SportsApplication-SportsApplicationUITests.debug.xcconfig */ = {isa = PBXFileReference; includeInIndex = 1; lastKnownFileType = text.xcconfig; name = "Pods-SportsApplication-SportsApplicationUITests.debug.xcconfig"; path = "Target Support Files/Pods-SportsApplication-SportsApplicationUITests/Pods-SportsApplication-SportsApplicationUITests.debug.xcconfig"; sourceTree = "<group>"; };
/* End PBXFileReference section */

/* Begin PBXFrameworksBuildPhase section */
		B6DBD8F72BE05732007116CC /* Frameworks */ = {
			isa = PBXFrameworksBuildPhase;
			buildActionMask = 2147483647;
			files = (
				D06BB36D56604A37BFFC2FCF /* Pods_SportsApplication.framework in Frameworks */,
			);
			runOnlyForDeploymentPostprocessing = 0;
		};
		B6DBD90D2BE05734007116CC /* Frameworks */ = {
			isa = PBXFrameworksBuildPhase;
			buildActionMask = 2147483647;
			files = (
			);
			runOnlyForDeploymentPostprocessing = 0;
		};
		B6DBD9172BE05734007116CC /* Frameworks */ = {
			isa = PBXFrameworksBuildPhase;
			buildActionMask = 2147483647;
			files = (
				3EAAE80E3335DBA59222BD13 /* Pods_SportsApplication_SportsApplicationUITests.framework in Frameworks */,
			);
			runOnlyForDeploymentPostprocessing = 0;
		};
/* End PBXFrameworksBuildPhase section */

/* Begin PBXGroup section */
		2B9F3ACE51794BE3981A863F /* Frameworks */ = {
			isa = PBXGroup;
			children = (
				29B317AA78FD1A93E6A82493 /* Pods_SportsApplication.framework */,
				2C22F05AD49AEED395B81A01 /* Pods_SportsApplication_SportsApplicationUITests.framework */,
			);
			name = Frameworks;
			sourceTree = "<group>";
		};
		8B062B1C2BFB64EF005762B0 /* View */ = {
			isa = PBXGroup;
			children = (
				B69BAB3A2BFCCAC5005E3BEC /* SecondStoryboard.storyboard */,
				8B062B1D2BFB65A1005762B0 /* LeagueCell.swift */,
				8B062B1E2BFB65A1005762B0 /* LeagueCell.xib */,
				B6DBD9082BE05734007116CC /* LaunchScreen.storyboard */,
				B6DBD9032BE05732007116CC /* Main.storyboard */,
				B6C60B072C0208E500F7B997 /* TeamDetailsCell.swift */,
				B6C60B082C0208E500F7B997 /* TeamDetailsCell.xib */,
			);
			path = View;
			sourceTree = "<group>";
		};
		8B062B212BFB65AE005762B0 /* Service */ = {
			isa = PBXGroup;
			children = (
				8B062B242BFB670D005762B0 /* CoreDataServices */,
				8B062B232BFB66CB005762B0 /* NetworkServices */,
			);
			path = Service;
			sourceTree = "<group>";
		};
		8B062B232BFB66CB005762B0 /* NetworkServices */ = {
			isa = PBXGroup;
			children = (
				8B062B252BFB6747005762B0 /* Network.swift */,
				8B062B272BFB675D005762B0 /* NetworkProtocol.swift */,
			);
			path = NetworkServices;
			sourceTree = "<group>";
		};
		8B062B242BFB670D005762B0 /* CoreDataServices */ = {
			isa = PBXGroup;
			children = (
				8B062B292BFB679A005762B0 /* DBManger.swift */,
				B6AF94CC2C000E1800E18AAF /* DBManagerProtocol.swift */,
			);
			path = CoreDataServices;
			sourceTree = "<group>";
		};
		8B062B2D2BFB67D8005762B0 /* Model */ = {
			isa = PBXGroup;
			children = (
				B6AF94D02C0108E500E18AAF /* TeamDetails.swift */,
				B6AF94CF2C0108E500E18AAF /* Result.swift */,
				B6AF94D12C0108E600E18AAF /* Players.swift */,
				B6AF94CE2C0108E500E18AAF /* Coaches.swift */,
				8BEA69F72BFBDCAA0028BB33 /* test.swift */,
				8BEA6A032BFBF9CB0028BB33 /* Sport.swift */,
				B6D1DCEF2BFEA89A00AFFA2F /* League.swift */,
				8B829C652BFE2B280094BAB1 /* MyResponse.swift */,
				B6D1DCF12BFEA8C000AFFA2F /* LeagueResult.swift */,
				8BBCEDF82BFDB34600164E8B /* Event.swift */,
				8BBCEE0B2BFE17D400164E8B /* Team.swift */,
				8B7F99A62BFFAF5D00B264FE /* LeagueLocal.swift */,
			);
			path = Model;
			sourceTree = "<group>";
		};
		8B062B2E2BFB67E8005762B0 /* Module */ = {
			isa = PBXGroup;
			children = (
				8B062B332BFB68BC005762B0 /* TeamDetails */,
				8B062B322BFB68A5005762B0 /* Home */,
				8B062B312BFB6892005762B0 /* Favourites */,
				8B062B302BFB687F005762B0 /* Leagues */,
				8B062B2F2BFB6820005762B0 /* LeagueDetails */,
			);
			path = Module;
			sourceTree = "<group>";
		};
		8B062B2F2BFB6820005762B0 /* LeagueDetails */ = {
			isa = PBXGroup;
			children = (
				8B829C642BFE21460094BAB1 /* ViewModel */,
				8BBCEDFA2BFDB41600164E8B /* View */,
			);
			path = LeagueDetails;
			sourceTree = "<group>";
		};
		8B062B302BFB687F005762B0 /* Leagues */ = {
			isa = PBXGroup;
			children = (
				B6D1DCF42BFEA92200AFFA2F /* ViewModel */,
				B6D1DCF32BFEA91A00AFFA2F /* View */,
				8BEA69F92BFBDCC30028BB33 /* test1.swift */,
			);
			path = Leagues;
			sourceTree = "<group>";
		};
		8B062B312BFB6892005762B0 /* Favourites */ = {
			isa = PBXGroup;
			children = (
				B6AF94C72C000B5900E18AAF /* ViewModel */,
				B6AF94C62C000B5200E18AAF /* View */,
				8BEA69FB2BFBDCD90028BB33 /* test3.swift */,
			);
			path = Favourites;
			sourceTree = "<group>";
		};
		8B062B322BFB68A5005762B0 /* Home */ = {
			isa = PBXGroup;
			children = (
				8BEA69FF2BFBDD180028BB33 /* test5.swift */,
				8BEA6A012BFBF70B0028BB33 /* HomeViewController.swift */,
				8BEA6A072BFBFFDE0028BB33 /* HomeCollectionViewCell.swift */,
			);
			path = Home;
			sourceTree = "<group>";
		};
		8B062B332BFB68BC005762B0 /* TeamDetails */ = {
			isa = PBXGroup;
			children = (
				B6D1DD122BFEDB9100AFFA2F /* ViewModel */,
				B6D1DD112BFEDB8300AFFA2F /* View */,
				8BEA69FD2BFBDCEE0028BB33 /* test4.swift */,
			);
			path = TeamDetails;
			sourceTree = "<group>";
		};
		8B829C642BFE21460094BAB1 /* ViewModel */ = {
			isa = PBXGroup;
			children = (
				8B829C692BFE4C880094BAB1 /* LeagueDetailsViewModel.swift */,
			);
			path = ViewModel;
			sourceTree = "<group>";
		};
		8B829C6B2BFE4D890094BAB1 /* Utilities */ = {
			isa = PBXGroup;
			children = (
				8B829C6C2BFE4DA40094BAB1 /* Constants.swift */,
				B6C60AFF2C01F0F600F7B997 /* DependencyProvider.swift */,
			);
			path = Utilities;
			sourceTree = "<group>";
		};
		8BBCEDFA2BFDB41600164E8B /* View */ = {
			isa = PBXGroup;
			children = (
				8BBCEDFF2BFDB48F00164E8B /* UpComingEventCell.swift */,
				8BBCEE002BFDB48F00164E8B /* UpComingEventCell.xib */,
				8BBCEE032BFDD6E000164E8B /* LatestEventCell.swift */,
				8BBCEE042BFDD6E000164E8B /* LatestEventCell.xib */,
				8BBCEE072BFDE59E00164E8B /* TeamCell.swift */,
				8BBCEE082BFDE59E00164E8B /* TeamCell.xib */,
				8BBCEE0D2BFE1DB300164E8B /* LeagueDetailsController.swift */,
				8B829C6E2BFE81650094BAB1 /* HeaderReusableView.swift */,
			);
			path = View;
			sourceTree = "<group>";
		};
		8BDF8CB52C00846500D15C48 /* Nunito */ = {
			isa = PBXGroup;
			children = (
				8BDF8CBA2C00846600D15C48 /* static */,
				8BDF8CB72C00846500D15C48 /* Nunito-Italic-VariableFont_wght.ttf */,
				8BDF8CB62C00846500D15C48 /* Nunito-VariableFont_wght.ttf */,
				8BDF8CB82C00846500D15C48 /* OFL.txt */,
				8BDF8CB92C00846600D15C48 /* README.txt */,
			);
			path = Nunito;
			sourceTree = "<group>";
		};
		8BDF8CBA2C00846600D15C48 /* static */ = {
			isa = PBXGroup;
			children = (
				8BDF8CBB2C00846600D15C48 /* Nunito-Black.ttf */,
				8BDF8CC02C00846600D15C48 /* Nunito-BlackItalic.ttf */,
				8BDF8CC32C00846700D15C48 /* Nunito-Bold.ttf */,
				8BDF8CC12C00846600D15C48 /* Nunito-BoldItalic.ttf */,
				8BDF8CC92C00846700D15C48 /* Nunito-ExtraBold.ttf */,
				8BDF8CBD2C00846600D15C48 /* Nunito-ExtraBoldItalic.ttf */,
				8BDF8CC22C00846700D15C48 /* Nunito-ExtraLight.ttf */,
				8BDF8CC62C00846700D15C48 /* Nunito-ExtraLightItalic.ttf */,
				8BDF8CBC2C00846600D15C48 /* Nunito-Italic.ttf */,
				8BDF8CCA2C00846700D15C48 /* Nunito-Light.ttf */,
				8BDF8CC52C00846700D15C48 /* Nunito-LightItalic.ttf */,
				8BDF8CBF2C00846600D15C48 /* Nunito-Medium.ttf */,
				8BDF8CC72C00846700D15C48 /* Nunito-MediumItalic.ttf */,
				8BDF8CBE2C00846600D15C48 /* Nunito-Regular.ttf */,
				8BDF8CC42C00846700D15C48 /* Nunito-SemiBold.ttf */,
				8BDF8CC82C00846700D15C48 /* Nunito-SemiBoldItalic.ttf */,
			);
			path = static;
			sourceTree = "<group>";
		};
		8BDF8D082C00877B00D15C48 /* static */ = {
			isa = PBXGroup;
			children = (
			);
			path = static;
			sourceTree = "<group>";
		};
		8BDF8D092C00877B00D15C48 /* Nunito */ = {
			isa = PBXGroup;
			children = (
				8BDF8D082C00877B00D15C48 /* static */,
			);
			name = Nunito;
			path = "../../../Documents/GitHub/ChatGPT App/ChatGPT App/Nunito";
			sourceTree = "<group>";
		};
		A551CFB9CE9B2426C6060E91 /* Pods */ = {
			isa = PBXGroup;
			children = (
				A450125F74FD7990185ABBA6 /* Pods-SportsApplication.debug.xcconfig */,
				B7A1C44CA5602819005456C0 /* Pods-SportsApplication.release.xcconfig */,
				D985F15AA547832E6A1E9570 /* Pods-SportsApplication-SportsApplicationUITests.debug.xcconfig */,
				3A71322B0C7E459B2FBF0D5E /* Pods-SportsApplication-SportsApplicationUITests.release.xcconfig */,
			);
			path = Pods;
			sourceTree = "<group>";
		};
		B6AF94C62C000B5200E18AAF /* View */ = {
			isa = PBXGroup;
			children = (
				8B7F99A82BFFBA7F00B264FE /* FavouriteViewController.swift */,
			);
			path = View;
			sourceTree = "<group>";
		};
		B6AF94C72C000B5900E18AAF /* ViewModel */ = {
			isa = PBXGroup;
			children = (
				B6AF94C82C000BAA00E18AAF /* FavouritesViewModelProtocol.swift */,
				B6AF94CA2C000BBA00E18AAF /* FavouritesViewModel.swift */,
			);
			path = ViewModel;
			sourceTree = "<group>";
		};
		B6D1DCF32BFEA91A00AFFA2F /* View */ = {
			isa = PBXGroup;
			children = (
				B6D1DCF52BFEA94000AFFA2F /* LeagueViewController.swift */,
			);
			path = View;
			sourceTree = "<group>";
		};
		B6D1DCF42BFEA92200AFFA2F /* ViewModel */ = {
			isa = PBXGroup;
			children = (
				B6D1DCFB2BFEAB8B00AFFA2F /* LeaguesViewModelProtocol.swift */,
				B6D1DCFD2BFEABAD00AFFA2F /* LeaguesViewModel.swift */,
			);
			path = ViewModel;
			sourceTree = "<group>";
		};
		B6D1DD112BFEDB8300AFFA2F /* View */ = {
			isa = PBXGroup;
			children = (
				B6C60AFD2C014AB000F7B997 /* TeamDetailsViewController.swift */,
				8BDE6E9F2C024D30000D571E /* PlayerCell.swift */,
				8BDE6EA02C024D30000D571E /* PlayerCell.xib */,
			);
			path = View;
			sourceTree = "<group>";
		};
		B6D1DD122BFEDB9100AFFA2F /* ViewModel */ = {
			isa = PBXGroup;
			children = (
				B6D1DD172BFEDBF800AFFA2F /* TeamsDetailsViewModelProtocol.swift */,
				B6D1DD192BFEDC2400AFFA2F /* TeamsDetailsViewModel.swift */,
			);
			path = ViewModel;
			sourceTree = "<group>";
		};
		B6DBD8F12BE05732007116CC = {
			isa = PBXGroup;
			children = (
				B6DBD8FC2BE05732007116CC /* SportsApplication */,
				B6DBD9132BE05734007116CC /* SportsApplicationTests */,
				B6DBD91D2BE05734007116CC /* SportsApplicationUITests */,
				B6DBD8FB2BE05732007116CC /* Products */,
				A551CFB9CE9B2426C6060E91 /* Pods */,
				2B9F3ACE51794BE3981A863F /* Frameworks */,
			);
			sourceTree = "<group>";
		};
		B6DBD8FB2BE05732007116CC /* Products */ = {
			isa = PBXGroup;
			children = (
				B6DBD8FA2BE05732007116CC /* SportsApplication.app */,
				B6DBD9102BE05734007116CC /* SportsApplicationTests.xctest */,
				B6DBD91A2BE05734007116CC /* SportsApplicationUITests.xctest */,
			);
			name = Products;
			sourceTree = "<group>";
		};
		B6DBD8FC2BE05732007116CC /* SportsApplication */ = {
			isa = PBXGroup;
			children = (
				8B829C6B2BFE4D890094BAB1 /* Utilities */,
				8B062B2E2BFB67E8005762B0 /* Module */,
				8B062B2D2BFB67D8005762B0 /* Model */,
				8B062B212BFB65AE005762B0 /* Service */,
				8B062B1C2BFB64EF005762B0 /* View */,
				B6DBD8FD2BE05732007116CC /* AppDelegate.swift */,
				B6DBD8FF2BE05732007116CC /* SceneDelegate.swift */,
				B6DBD9012BE05732007116CC /* ViewController.swift */,
				8BDF8D092C00877B00D15C48 /* Nunito */,
				B6DBD9062BE05734007116CC /* Assets.xcassets */,
				8BDF8CB52C00846500D15C48 /* Nunito */,
				B6DBD90B2BE05734007116CC /* Info.plist */,
				B6AF94C12BFF970D00E18AAF /* SportsApplication.xcdatamodeld */,
			);
			path = SportsApplication;
			sourceTree = "<group>";
		};
		B6DBD9132BE05734007116CC /* SportsApplicationTests */ = {
			isa = PBXGroup;
			children = (
				8B052A7F2C03460300860022 /* LeagueDetailsViewModelTest.swift */,
				8B052A832C0354EE00860022 /* LeagueDetailsViewModelTest.swift */,
				8BDE6EA72C028A7C000D571E /* CoreDataTest.swift */,
				8BDE6EA52C026052000D571E /* NetworkServiceTest.swift */,
				B6DBD9142BE05734007116CC /* SportsApplicationTests.swift */,
				8BDE6E9B2C020C15000D571E /* ApiResponse.swift */,
			);
			path = SportsApplicationTests;
			sourceTree = "<group>";
		};
		B6DBD91D2BE05734007116CC /* SportsApplicationUITests */ = {
			isa = PBXGroup;
			children = (
				B6DBD91E2BE05734007116CC /* SportsApplicationUITests.swift */,
				B6DBD9202BE05734007116CC /* SportsApplicationUITestsLaunchTests.swift */,
			);
			path = SportsApplicationUITests;
			sourceTree = "<group>";
		};
/* End PBXGroup section */

/* Begin PBXNativeTarget section */
		B6DBD8F92BE05732007116CC /* SportsApplication */ = {
			isa = PBXNativeTarget;
			buildConfigurationList = B6DBD9242BE05734007116CC /* Build configuration list for PBXNativeTarget "SportsApplication" */;
			buildPhases = (
				6862D5A5C9BA30359D19F8DF /* [CP] Check Pods Manifest.lock */,
				B6DBD8F62BE05732007116CC /* Sources */,
				B6DBD8F72BE05732007116CC /* Frameworks */,
				B6DBD8F82BE05732007116CC /* Resources */,
				9261C69FE1FA87C64BF42BFA /* [CP] Embed Pods Frameworks */,
			);
			buildRules = (
			);
			dependencies = (
			);
			name = SportsApplication;
			productName = SportsApplication;
			productReference = B6DBD8FA2BE05732007116CC /* SportsApplication.app */;
			productType = "com.apple.product-type.application";
		};
		B6DBD90F2BE05734007116CC /* SportsApplicationTests */ = {
			isa = PBXNativeTarget;
			buildConfigurationList = B6DBD9272BE05734007116CC /* Build configuration list for PBXNativeTarget "SportsApplicationTests" */;
			buildPhases = (
				B6DBD90C2BE05734007116CC /* Sources */,
				B6DBD90D2BE05734007116CC /* Frameworks */,
				B6DBD90E2BE05734007116CC /* Resources */,
			);
			buildRules = (
			);
			dependencies = (
				B6DBD9122BE05734007116CC /* PBXTargetDependency */,
			);
			name = SportsApplicationTests;
			productName = SportsApplicationTests;
			productReference = B6DBD9102BE05734007116CC /* SportsApplicationTests.xctest */;
			productType = "com.apple.product-type.bundle.unit-test";
		};
		B6DBD9192BE05734007116CC /* SportsApplicationUITests */ = {
			isa = PBXNativeTarget;
			buildConfigurationList = B6DBD92A2BE05734007116CC /* Build configuration list for PBXNativeTarget "SportsApplicationUITests" */;
			buildPhases = (
				BB2FD982A2D971E9321769BD /* [CP] Check Pods Manifest.lock */,
				B6DBD9162BE05734007116CC /* Sources */,
				B6DBD9172BE05734007116CC /* Frameworks */,
				B6DBD9182BE05734007116CC /* Resources */,
				4F780B11C93BF433564EDAE8 /* [CP] Embed Pods Frameworks */,
			);
			buildRules = (
			);
			dependencies = (
				B6DBD91C2BE05734007116CC /* PBXTargetDependency */,
			);
			name = SportsApplicationUITests;
			productName = SportsApplicationUITests;
			productReference = B6DBD91A2BE05734007116CC /* SportsApplicationUITests.xctest */;
			productType = "com.apple.product-type.bundle.ui-testing";
		};
/* End PBXNativeTarget section */

/* Begin PBXProject section */
		B6DBD8F22BE05732007116CC /* Project object */ = {
			isa = PBXProject;
			attributes = {
				BuildIndependentTargetsInParallel = 1;
				LastSwiftUpdateCheck = 1340;
				LastUpgradeCheck = 1340;
				TargetAttributes = {
					B6DBD8F92BE05732007116CC = {
						CreatedOnToolsVersion = 13.4.1;
					};
					B6DBD90F2BE05734007116CC = {
						CreatedOnToolsVersion = 13.4.1;
						TestTargetID = B6DBD8F92BE05732007116CC;
					};
					B6DBD9192BE05734007116CC = {
						CreatedOnToolsVersion = 13.4.1;
						TestTargetID = B6DBD8F92BE05732007116CC;
					};
				};
			};
			buildConfigurationList = B6DBD8F52BE05732007116CC /* Build configuration list for PBXProject "SportsApplication" */;
			compatibilityVersion = "Xcode 13.0";
			developmentRegion = en;
			hasScannedForEncodings = 0;
			knownRegions = (
				en,
				Base,
			);
			mainGroup = B6DBD8F12BE05732007116CC;
			productRefGroup = B6DBD8FB2BE05732007116CC /* Products */;
			projectDirPath = "";
			projectRoot = "";
			targets = (
				B6DBD8F92BE05732007116CC /* SportsApplication */,
				B6DBD90F2BE05734007116CC /* SportsApplicationTests */,
				B6DBD9192BE05734007116CC /* SportsApplicationUITests */,
			);
		};
/* End PBXProject section */

/* Begin PBXResourcesBuildPhase section */
		B6DBD8F82BE05732007116CC /* Resources */ = {
			isa = PBXResourcesBuildPhase;
			buildActionMask = 2147483647;
			files = (
				B6DBD90A2BE05734007116CC /* LaunchScreen.storyboard in Resources */,
				8BBCEE052BFDD6E000164E8B /* LatestEventCell.xib in Resources */,
				8BBCEE092BFDE59E00164E8B /* TeamCell.xib in Resources */,
				B6C60B0A2C0208E500F7B997 /* TeamDetailsCell.xib in Resources */,
				8BDE6EA22C024D30000D571E /* PlayerCell.xib in Resources */,
				B6DBD9072BE05734007116CC /* Assets.xcassets in Resources */,
				B69BAB3B2BFCCAC5005E3BEC /* SecondStoryboard.storyboard in Resources */,
				8B062B202BFB65A1005762B0 /* LeagueCell.xib in Resources */,
				B6DBD9052BE05732007116CC /* Main.storyboard in Resources */,
				8BBCEE012BFDB48F00164E8B /* UpComingEventCell.xib in Resources */,
			);
			runOnlyForDeploymentPostprocessing = 0;
		};
		B6DBD90E2BE05734007116CC /* Resources */ = {
			isa = PBXResourcesBuildPhase;
			buildActionMask = 2147483647;
			files = (
			);
			runOnlyForDeploymentPostprocessing = 0;
		};
		B6DBD9182BE05734007116CC /* Resources */ = {
			isa = PBXResourcesBuildPhase;
			buildActionMask = 2147483647;
			files = (
			);
			runOnlyForDeploymentPostprocessing = 0;
		};
/* End PBXResourcesBuildPhase section */

/* Begin PBXShellScriptBuildPhase section */
		4F780B11C93BF433564EDAE8 /* [CP] Embed Pods Frameworks */ = {
			isa = PBXShellScriptBuildPhase;
			buildActionMask = 2147483647;
			files = (
			);
			inputFileListPaths = (
				"${PODS_ROOT}/Target Support Files/Pods-SportsApplication-SportsApplicationUITests/Pods-SportsApplication-SportsApplicationUITests-frameworks-${CONFIGURATION}-input-files.xcfilelist",
			);
			name = "[CP] Embed Pods Frameworks";
			outputFileListPaths = (
				"${PODS_ROOT}/Target Support Files/Pods-SportsApplication-SportsApplicationUITests/Pods-SportsApplication-SportsApplicationUITests-frameworks-${CONFIGURATION}-output-files.xcfilelist",
			);
			runOnlyForDeploymentPostprocessing = 0;
			shellPath = /bin/sh;
			shellScript = "\"${PODS_ROOT}/Target Support Files/Pods-SportsApplication-SportsApplicationUITests/Pods-SportsApplication-SportsApplicationUITests-frameworks.sh\"\n";
			showEnvVarsInLog = 0;
		};
		6862D5A5C9BA30359D19F8DF /* [CP] Check Pods Manifest.lock */ = {
			isa = PBXShellScriptBuildPhase;
			buildActionMask = 2147483647;
			files = (
			);
			inputFileListPaths = (
			);
			inputPaths = (
				"${PODS_PODFILE_DIR_PATH}/Podfile.lock",
				"${PODS_ROOT}/Manifest.lock",
			);
			name = "[CP] Check Pods Manifest.lock";
			outputFileListPaths = (
			);
			outputPaths = (
				"$(DERIVED_FILE_DIR)/Pods-SportsApplication-checkManifestLockResult.txt",
			);
			runOnlyForDeploymentPostprocessing = 0;
			shellPath = /bin/sh;
			shellScript = "diff \"${PODS_PODFILE_DIR_PATH}/Podfile.lock\" \"${PODS_ROOT}/Manifest.lock\" > /dev/null\nif [ $? != 0 ] ; then\n    # print error to STDERR\n    echo \"error: The sandbox is not in sync with the Podfile.lock. Run 'pod install' or update your CocoaPods installation.\" >&2\n    exit 1\nfi\n# This output is used by Xcode 'outputs' to avoid re-running this script phase.\necho \"SUCCESS\" > \"${SCRIPT_OUTPUT_FILE_0}\"\n";
			showEnvVarsInLog = 0;
		};
		9261C69FE1FA87C64BF42BFA /* [CP] Embed Pods Frameworks */ = {
			isa = PBXShellScriptBuildPhase;
			buildActionMask = 2147483647;
			files = (
			);
			inputFileListPaths = (
				"${PODS_ROOT}/Target Support Files/Pods-SportsApplication/Pods-SportsApplication-frameworks-${CONFIGURATION}-input-files.xcfilelist",
			);
			name = "[CP] Embed Pods Frameworks";
			outputFileListPaths = (
				"${PODS_ROOT}/Target Support Files/Pods-SportsApplication/Pods-SportsApplication-frameworks-${CONFIGURATION}-output-files.xcfilelist",
			);
			runOnlyForDeploymentPostprocessing = 0;
			shellPath = /bin/sh;
			shellScript = "\"${PODS_ROOT}/Target Support Files/Pods-SportsApplication/Pods-SportsApplication-frameworks.sh\"\n";
			showEnvVarsInLog = 0;
		};
		BB2FD982A2D971E9321769BD /* [CP] Check Pods Manifest.lock */ = {
			isa = PBXShellScriptBuildPhase;
			buildActionMask = 2147483647;
			files = (
			);
			inputFileListPaths = (
			);
			inputPaths = (
				"${PODS_PODFILE_DIR_PATH}/Podfile.lock",
				"${PODS_ROOT}/Manifest.lock",
			);
			name = "[CP] Check Pods Manifest.lock";
			outputFileListPaths = (
			);
			outputPaths = (
				"$(DERIVED_FILE_DIR)/Pods-SportsApplication-SportsApplicationUITests-checkManifestLockResult.txt",
			);
			runOnlyForDeploymentPostprocessing = 0;
			shellPath = /bin/sh;
			shellScript = "diff \"${PODS_PODFILE_DIR_PATH}/Podfile.lock\" \"${PODS_ROOT}/Manifest.lock\" > /dev/null\nif [ $? != 0 ] ; then\n    # print error to STDERR\n    echo \"error: The sandbox is not in sync with the Podfile.lock. Run 'pod install' or update your CocoaPods installation.\" >&2\n    exit 1\nfi\n# This output is used by Xcode 'outputs' to avoid re-running this script phase.\necho \"SUCCESS\" > \"${SCRIPT_OUTPUT_FILE_0}\"\n";
			showEnvVarsInLog = 0;
		};
/* End PBXShellScriptBuildPhase section */

/* Begin PBXSourcesBuildPhase section */
		B6DBD8F62BE05732007116CC /* Sources */ = {
			isa = PBXSourcesBuildPhase;
			buildActionMask = 2147483647;
			files = (
				8B829C6D2BFE4DA40094BAB1 /* Constants.swift in Sources */,
				8BEA69FE2BFBDCEE0028BB33 /* test4.swift in Sources */,
				8B062B262BFB6747005762B0 /* Network.swift in Sources */,
				8BEA6A042BFBF9CB0028BB33 /* Sport.swift in Sources */,
				8BDE6EA12C024D30000D571E /* PlayerCell.swift in Sources */,
				B6AF94D42C0108E600E18AAF /* TeamDetails.swift in Sources */,
				8B7F99A72BFFAF5D00B264FE /* LeagueLocal.swift in Sources */,
				B6AF94D32C0108E600E18AAF /* Result.swift in Sources */,
				B6DBD9022BE05732007116CC /* ViewController.swift in Sources */,
				B6AF94D22C0108E600E18AAF /* Coaches.swift in Sources */,
				B6AF94C92C000BAA00E18AAF /* FavouritesViewModelProtocol.swift in Sources */,
				8B062B282BFB675D005762B0 /* NetworkProtocol.swift in Sources */,
				B6D1DD182BFEDBF800AFFA2F /* TeamsDetailsViewModelProtocol.swift in Sources */,
				B6C60B092C0208E500F7B997 /* TeamDetailsCell.swift in Sources */,
				8BBCEE062BFDD6E000164E8B /* LatestEventCell.swift in Sources */,
				8BEA6A042BFBF9CB0028BB33 /* Sport.swift in Sources */,
				B6DBD9022BE05732007116CC /* ViewController.swift in Sources */,
				8B062B282BFB675D005762B0 /* NetworkProtocol.swift in Sources */,
				B6AF94CB2C000BBA00E18AAF /* FavouritesViewModel.swift in Sources */,
				8BEA6A022BFBF70B0028BB33 /* HomeViewController.swift in Sources */,
				8BEA6A082BFBFFDE0028BB33 /* HomeCollectionViewCell.swift in Sources */,
				8BBCEE0C2BFE17D400164E8B /* Team.swift in Sources */,
				B6DBD8FE2BE05732007116CC /* AppDelegate.swift in Sources */,
				8BBCEDF92BFDB34600164E8B /* Event.swift in Sources */,
				8BBCEE022BFDB48F00164E8B /* UpComingEventCell.swift in Sources */,
				8BBCEE0A2BFDE59E00164E8B /* TeamCell.swift in Sources */,
				8BEA69FA2BFBDCC30028BB33 /* test1.swift in Sources */,
				B6AF94D52C0108E600E18AAF /* Players.swift in Sources */,
				B6D1DCFC2BFEAB8B00AFFA2F /* LeaguesViewModelProtocol.swift in Sources */,
				8B062B2A2BFB679A005762B0 /* DBManger.swift in Sources */,
				B6C60AFE2C014AB000F7B997 /* TeamDetailsViewController.swift in Sources */,
				B6D1DD1A2BFEDC2400AFFA2F /* TeamsDetailsViewModel.swift in Sources */,
				8B7F99A92BFFBA7F00B264FE /* FavouriteViewController.swift in Sources */,
				B6D1DCF02BFEA89A00AFFA2F /* League.swift in Sources */,
				8BEA6A002BFBDD180028BB33 /* test5.swift in Sources */,
				B6D1DCFE2BFEABAD00AFFA2F /* LeaguesViewModel.swift in Sources */,
				8BEA69F82BFBDCAA0028BB33 /* test.swift in Sources */,
				B6D1DCF62BFEA94000AFFA2F /* LeagueViewController.swift in Sources */,
				B6AF94CD2C000E1800E18AAF /* DBManagerProtocol.swift in Sources */,
				B6D1DCF22BFEA8C000AFFA2F /* LeagueResult.swift in Sources */,
				8BBCEE0E2BFE1DB300164E8B /* LeagueDetailsController.swift in Sources */,
				8B062B2A2BFB679A005762B0 /* DBManger.swift in Sources */,
				8B829C6F2BFE81650094BAB1 /* HeaderReusableView.swift in Sources */,
				8BEA6A002BFBDD180028BB33 /* test5.swift in Sources */,
				8B829C662BFE2B280094BAB1 /* MyResponse.swift in Sources */,
				8BEA69F82BFBDCAA0028BB33 /* test.swift in Sources */,
				8B829C6A2BFE4C880094BAB1 /* LeagueDetailsViewModel.swift in Sources */,
				B6C60B002C01F0F600F7B997 /* DependencyProvider.swift in Sources */,
				B6AF94C32BFF970D00E18AAF /* SportsApplication.xcdatamodeld in Sources */,
				8B062B1F2BFB65A1005762B0 /* LeagueCell.swift in Sources */,
				B6DBD9002BE05732007116CC /* SceneDelegate.swift in Sources */,
				8BEA69FC2BFBDCD90028BB33 /* test3.swift in Sources */,
			);
			runOnlyForDeploymentPostprocessing = 0;
		};
		B6DBD90C2BE05734007116CC /* Sources */ = {
			isa = PBXSourcesBuildPhase;
			buildActionMask = 2147483647;
			files = (
				8BDE6EA82C028A7C000D571E /* CoreDataTest.swift in Sources */,
				B6DBD9152BE05734007116CC /* SportsApplicationTests.swift in Sources */,
				8BDE6EA62C026052000D571E /* NetworkServiceTest.swift in Sources */,
				8B052A802C03460300860022 /* LeagueDetailsViewModelTest.swift in Sources */,
				8B052A842C0354EE00860022 /* LeagueDetailsViewModelTest.swift in Sources */,
				8BDE6E9C2C020C15000D571E /* ApiResponse.swift in Sources */,
			);
			runOnlyForDeploymentPostprocessing = 0;
		};
		B6DBD9162BE05734007116CC /* Sources */ = {
			isa = PBXSourcesBuildPhase;
			buildActionMask = 2147483647;
			files = (
				B6DBD9212BE05734007116CC /* SportsApplicationUITestsLaunchTests.swift in Sources */,
				B6DBD91F2BE05734007116CC /* SportsApplicationUITests.swift in Sources */,
			);
			runOnlyForDeploymentPostprocessing = 0;
		};
/* End PBXSourcesBuildPhase section */

/* Begin PBXTargetDependency section */
		B6DBD9122BE05734007116CC /* PBXTargetDependency */ = {
			isa = PBXTargetDependency;
			target = B6DBD8F92BE05732007116CC /* SportsApplication */;
			targetProxy = B6DBD9112BE05734007116CC /* PBXContainerItemProxy */;
		};
		B6DBD91C2BE05734007116CC /* PBXTargetDependency */ = {
			isa = PBXTargetDependency;
			target = B6DBD8F92BE05732007116CC /* SportsApplication */;
			targetProxy = B6DBD91B2BE05734007116CC /* PBXContainerItemProxy */;
		};
/* End PBXTargetDependency section */

/* Begin PBXVariantGroup section */
		B6DBD9032BE05732007116CC /* Main.storyboard */ = {
			isa = PBXVariantGroup;
			children = (
				B6DBD9042BE05732007116CC /* Base */,
			);
			name = Main.storyboard;
			sourceTree = "<group>";
		};
		B6DBD9082BE05734007116CC /* LaunchScreen.storyboard */ = {
			isa = PBXVariantGroup;
			children = (
				B6DBD9092BE05734007116CC /* Base */,
			);
			name = LaunchScreen.storyboard;
			sourceTree = "<group>";
		};
/* End PBXVariantGroup section */

/* Begin XCBuildConfiguration section */
		B6DBD9222BE05734007116CC /* Debug */ = {
			isa = XCBuildConfiguration;
			buildSettings = {
				ALWAYS_SEARCH_USER_PATHS = NO;
				CLANG_ANALYZER_NONNULL = YES;
				CLANG_ANALYZER_NUMBER_OBJECT_CONVERSION = YES_AGGRESSIVE;
				CLANG_CXX_LANGUAGE_STANDARD = "gnu++17";
				CLANG_ENABLE_MODULES = YES;
				CLANG_ENABLE_OBJC_ARC = YES;
				CLANG_ENABLE_OBJC_WEAK = YES;
				CLANG_WARN_BLOCK_CAPTURE_AUTORELEASING = YES;
				CLANG_WARN_BOOL_CONVERSION = YES;
				CLANG_WARN_COMMA = YES;
				CLANG_WARN_CONSTANT_CONVERSION = YES;
				CLANG_WARN_DEPRECATED_OBJC_IMPLEMENTATIONS = YES;
				CLANG_WARN_DIRECT_OBJC_ISA_USAGE = YES_ERROR;
				CLANG_WARN_DOCUMENTATION_COMMENTS = YES;
				CLANG_WARN_EMPTY_BODY = YES;
				CLANG_WARN_ENUM_CONVERSION = YES;
				CLANG_WARN_INFINITE_RECURSION = YES;
				CLANG_WARN_INT_CONVERSION = YES;
				CLANG_WARN_NON_LITERAL_NULL_CONVERSION = YES;
				CLANG_WARN_OBJC_IMPLICIT_RETAIN_SELF = YES;
				CLANG_WARN_OBJC_LITERAL_CONVERSION = YES;
				CLANG_WARN_OBJC_ROOT_CLASS = YES_ERROR;
				CLANG_WARN_QUOTED_INCLUDE_IN_FRAMEWORK_HEADER = YES;
				CLANG_WARN_RANGE_LOOP_ANALYSIS = YES;
				CLANG_WARN_STRICT_PROTOTYPES = YES;
				CLANG_WARN_SUSPICIOUS_MOVE = YES;
				CLANG_WARN_UNGUARDED_AVAILABILITY = YES_AGGRESSIVE;
				CLANG_WARN_UNREACHABLE_CODE = YES;
				CLANG_WARN__DUPLICATE_METHOD_MATCH = YES;
				COPY_PHASE_STRIP = NO;
				DEBUG_INFORMATION_FORMAT = dwarf;
				ENABLE_STRICT_OBJC_MSGSEND = YES;
				ENABLE_TESTABILITY = YES;
				GCC_C_LANGUAGE_STANDARD = gnu11;
				GCC_DYNAMIC_NO_PIC = NO;
				GCC_NO_COMMON_BLOCKS = YES;
				GCC_OPTIMIZATION_LEVEL = 0;
				GCC_PREPROCESSOR_DEFINITIONS = (
					"DEBUG=1",
					"$(inherited)",
				);
				GCC_WARN_64_TO_32_BIT_CONVERSION = YES;
				GCC_WARN_ABOUT_RETURN_TYPE = YES_ERROR;
				GCC_WARN_UNDECLARED_SELECTOR = YES;
				GCC_WARN_UNINITIALIZED_AUTOS = YES_AGGRESSIVE;
				GCC_WARN_UNUSED_FUNCTION = YES;
				GCC_WARN_UNUSED_VARIABLE = YES;
				IPHONEOS_DEPLOYMENT_TARGET = 15.5;
				MTL_ENABLE_DEBUG_INFO = INCLUDE_SOURCE;
				MTL_FAST_MATH = YES;
				ONLY_ACTIVE_ARCH = YES;
				SDKROOT = iphoneos;
				SWIFT_ACTIVE_COMPILATION_CONDITIONS = DEBUG;
				SWIFT_OPTIMIZATION_LEVEL = "-Onone";
			};
			name = Debug;
		};
		B6DBD9232BE05734007116CC /* Release */ = {
			isa = XCBuildConfiguration;
			buildSettings = {
				ALWAYS_SEARCH_USER_PATHS = NO;
				CLANG_ANALYZER_NONNULL = YES;
				CLANG_ANALYZER_NUMBER_OBJECT_CONVERSION = YES_AGGRESSIVE;
				CLANG_CXX_LANGUAGE_STANDARD = "gnu++17";
				CLANG_ENABLE_MODULES = YES;
				CLANG_ENABLE_OBJC_ARC = YES;
				CLANG_ENABLE_OBJC_WEAK = YES;
				CLANG_WARN_BLOCK_CAPTURE_AUTORELEASING = YES;
				CLANG_WARN_BOOL_CONVERSION = YES;
				CLANG_WARN_COMMA = YES;
				CLANG_WARN_CONSTANT_CONVERSION = YES;
				CLANG_WARN_DEPRECATED_OBJC_IMPLEMENTATIONS = YES;
				CLANG_WARN_DIRECT_OBJC_ISA_USAGE = YES_ERROR;
				CLANG_WARN_DOCUMENTATION_COMMENTS = YES;
				CLANG_WARN_EMPTY_BODY = YES;
				CLANG_WARN_ENUM_CONVERSION = YES;
				CLANG_WARN_INFINITE_RECURSION = YES;
				CLANG_WARN_INT_CONVERSION = YES;
				CLANG_WARN_NON_LITERAL_NULL_CONVERSION = YES;
				CLANG_WARN_OBJC_IMPLICIT_RETAIN_SELF = YES;
				CLANG_WARN_OBJC_LITERAL_CONVERSION = YES;
				CLANG_WARN_OBJC_ROOT_CLASS = YES_ERROR;
				CLANG_WARN_QUOTED_INCLUDE_IN_FRAMEWORK_HEADER = YES;
				CLANG_WARN_RANGE_LOOP_ANALYSIS = YES;
				CLANG_WARN_STRICT_PROTOTYPES = YES;
				CLANG_WARN_SUSPICIOUS_MOVE = YES;
				CLANG_WARN_UNGUARDED_AVAILABILITY = YES_AGGRESSIVE;
				CLANG_WARN_UNREACHABLE_CODE = YES;
				CLANG_WARN__DUPLICATE_METHOD_MATCH = YES;
				COPY_PHASE_STRIP = NO;
				DEBUG_INFORMATION_FORMAT = "dwarf-with-dsym";
				ENABLE_NS_ASSERTIONS = NO;
				ENABLE_STRICT_OBJC_MSGSEND = YES;
				GCC_C_LANGUAGE_STANDARD = gnu11;
				GCC_NO_COMMON_BLOCKS = YES;
				GCC_WARN_64_TO_32_BIT_CONVERSION = YES;
				GCC_WARN_ABOUT_RETURN_TYPE = YES_ERROR;
				GCC_WARN_UNDECLARED_SELECTOR = YES;
				GCC_WARN_UNINITIALIZED_AUTOS = YES_AGGRESSIVE;
				GCC_WARN_UNUSED_FUNCTION = YES;
				GCC_WARN_UNUSED_VARIABLE = YES;
				IPHONEOS_DEPLOYMENT_TARGET = 15.5;
				MTL_ENABLE_DEBUG_INFO = NO;
				MTL_FAST_MATH = YES;
				SDKROOT = iphoneos;
				SWIFT_COMPILATION_MODE = wholemodule;
				SWIFT_OPTIMIZATION_LEVEL = "-O";
				VALIDATE_PRODUCT = YES;
			};
			name = Release;
		};
		B6DBD9252BE05734007116CC /* Debug */ = {
			isa = XCBuildConfiguration;
			baseConfigurationReference = A450125F74FD7990185ABBA6 /* Pods-SportsApplication.debug.xcconfig */;
			buildSettings = {
				ASSETCATALOG_COMPILER_APPICON_NAME = AppIcon;
				ASSETCATALOG_COMPILER_GLOBAL_ACCENT_COLOR_NAME = AccentColor;
				CODE_SIGN_STYLE = Automatic;
				CURRENT_PROJECT_VERSION = 1;
				GENERATE_INFOPLIST_FILE = YES;
				INFOPLIST_FILE = SportsApplication/Info.plist;
				INFOPLIST_KEY_UIApplicationSupportsIndirectInputEvents = YES;
				INFOPLIST_KEY_UILaunchStoryboardName = LaunchScreen;
				INFOPLIST_KEY_UIMainStoryboardFile = Main;
				INFOPLIST_KEY_UISupportedInterfaceOrientations_iPad = "UIInterfaceOrientationPortrait UIInterfaceOrientationPortraitUpsideDown UIInterfaceOrientationLandscapeLeft UIInterfaceOrientationLandscapeRight";
				INFOPLIST_KEY_UISupportedInterfaceOrientations_iPhone = "UIInterfaceOrientationPortrait UIInterfaceOrientationLandscapeLeft UIInterfaceOrientationLandscapeRight";
				LD_RUNPATH_SEARCH_PATHS = (
					"$(inherited)",
					"@executable_path/Frameworks",
				);
				MARKETING_VERSION = 1.0;
				PRODUCT_BUNDLE_IDENTIFIER = "Sarah-Talaat.SportsApplication";
				PRODUCT_NAME = "$(TARGET_NAME)";
				SWIFT_EMIT_LOC_STRINGS = YES;
				SWIFT_VERSION = 5.0;
				TARGETED_DEVICE_FAMILY = "1,2";
			};
			name = Debug;
		};
		B6DBD9262BE05734007116CC /* Release */ = {
			isa = XCBuildConfiguration;
			baseConfigurationReference = B7A1C44CA5602819005456C0 /* Pods-SportsApplication.release.xcconfig */;
			buildSettings = {
				ASSETCATALOG_COMPILER_APPICON_NAME = AppIcon;
				ASSETCATALOG_COMPILER_GLOBAL_ACCENT_COLOR_NAME = AccentColor;
				CODE_SIGN_STYLE = Automatic;
				CURRENT_PROJECT_VERSION = 1;
				GENERATE_INFOPLIST_FILE = YES;
				INFOPLIST_FILE = SportsApplication/Info.plist;
				INFOPLIST_KEY_UIApplicationSupportsIndirectInputEvents = YES;
				INFOPLIST_KEY_UILaunchStoryboardName = LaunchScreen;
				INFOPLIST_KEY_UIMainStoryboardFile = Main;
				INFOPLIST_KEY_UISupportedInterfaceOrientations_iPad = "UIInterfaceOrientationPortrait UIInterfaceOrientationPortraitUpsideDown UIInterfaceOrientationLandscapeLeft UIInterfaceOrientationLandscapeRight";
				INFOPLIST_KEY_UISupportedInterfaceOrientations_iPhone = "UIInterfaceOrientationPortrait UIInterfaceOrientationLandscapeLeft UIInterfaceOrientationLandscapeRight";
				LD_RUNPATH_SEARCH_PATHS = (
					"$(inherited)",
					"@executable_path/Frameworks",
				);
				MARKETING_VERSION = 1.0;
				PRODUCT_BUNDLE_IDENTIFIER = "Sarah-Talaat.SportsApplication";
				PRODUCT_NAME = "$(TARGET_NAME)";
				SWIFT_EMIT_LOC_STRINGS = YES;
				SWIFT_VERSION = 5.0;
				TARGETED_DEVICE_FAMILY = "1,2";
			};
			name = Release;
		};
		B6DBD9282BE05734007116CC /* Debug */ = {
			isa = XCBuildConfiguration;
			buildSettings = {
				ALWAYS_EMBED_SWIFT_STANDARD_LIBRARIES = YES;
				BUNDLE_LOADER = "$(TEST_HOST)";
				CODE_SIGN_STYLE = Automatic;
				CURRENT_PROJECT_VERSION = 1;
				GENERATE_INFOPLIST_FILE = YES;
				IPHONEOS_DEPLOYMENT_TARGET = 15.5;
				MARKETING_VERSION = 1.0;
				PRODUCT_BUNDLE_IDENTIFIER = "Sarah-Talaat.SportsApplicationTests";
				PRODUCT_NAME = "$(TARGET_NAME)";
				SWIFT_EMIT_LOC_STRINGS = NO;
				SWIFT_VERSION = 5.0;
				TARGETED_DEVICE_FAMILY = "1,2";
				TEST_HOST = "$(BUILT_PRODUCTS_DIR)/SportsApplication.app/SportsApplication";
			};
			name = Debug;
		};
		B6DBD9292BE05734007116CC /* Release */ = {
			isa = XCBuildConfiguration;
			buildSettings = {
				ALWAYS_EMBED_SWIFT_STANDARD_LIBRARIES = YES;
				BUNDLE_LOADER = "$(TEST_HOST)";
				CODE_SIGN_STYLE = Automatic;
				CURRENT_PROJECT_VERSION = 1;
				GENERATE_INFOPLIST_FILE = YES;
				IPHONEOS_DEPLOYMENT_TARGET = 15.5;
				MARKETING_VERSION = 1.0;
				PRODUCT_BUNDLE_IDENTIFIER = "Sarah-Talaat.SportsApplicationTests";
				PRODUCT_NAME = "$(TARGET_NAME)";
				SWIFT_EMIT_LOC_STRINGS = NO;
				SWIFT_VERSION = 5.0;
				TARGETED_DEVICE_FAMILY = "1,2";
				TEST_HOST = "$(BUILT_PRODUCTS_DIR)/SportsApplication.app/SportsApplication";
			};
			name = Release;
		};
		B6DBD92B2BE05734007116CC /* Debug */ = {
			isa = XCBuildConfiguration;
			baseConfigurationReference = D985F15AA547832E6A1E9570 /* Pods-SportsApplication-SportsApplicationUITests.debug.xcconfig */;
			buildSettings = {
				ALWAYS_EMBED_SWIFT_STANDARD_LIBRARIES = YES;
				CODE_SIGN_STYLE = Automatic;
				CURRENT_PROJECT_VERSION = 1;
				GENERATE_INFOPLIST_FILE = YES;
				MARKETING_VERSION = 1.0;
				PRODUCT_BUNDLE_IDENTIFIER = "Sarah-Talaat.SportsApplicationUITests";
				PRODUCT_NAME = "$(TARGET_NAME)";
				SWIFT_EMIT_LOC_STRINGS = NO;
				SWIFT_VERSION = 5.0;
				TARGETED_DEVICE_FAMILY = "1,2";
				TEST_TARGET_NAME = SportsApplication;
			};
			name = Debug;
		};
		B6DBD92C2BE05734007116CC /* Release */ = {
			isa = XCBuildConfiguration;
			baseConfigurationReference = 3A71322B0C7E459B2FBF0D5E /* Pods-SportsApplication-SportsApplicationUITests.release.xcconfig */;
			buildSettings = {
				ALWAYS_EMBED_SWIFT_STANDARD_LIBRARIES = YES;
				CODE_SIGN_STYLE = Automatic;
				CURRENT_PROJECT_VERSION = 1;
				GENERATE_INFOPLIST_FILE = YES;
				MARKETING_VERSION = 1.0;
				PRODUCT_BUNDLE_IDENTIFIER = "Sarah-Talaat.SportsApplicationUITests";
				PRODUCT_NAME = "$(TARGET_NAME)";
				SWIFT_EMIT_LOC_STRINGS = NO;
				SWIFT_VERSION = 5.0;
				TARGETED_DEVICE_FAMILY = "1,2";
				TEST_TARGET_NAME = SportsApplication;
			};
			name = Release;
		};
/* End XCBuildConfiguration section */

/* Begin XCConfigurationList section */
		B6DBD8F52BE05732007116CC /* Build configuration list for PBXProject "SportsApplication" */ = {
			isa = XCConfigurationList;
			buildConfigurations = (
				B6DBD9222BE05734007116CC /* Debug */,
				B6DBD9232BE05734007116CC /* Release */,
			);
			defaultConfigurationIsVisible = 0;
			defaultConfigurationName = Release;
		};
		B6DBD9242BE05734007116CC /* Build configuration list for PBXNativeTarget "SportsApplication" */ = {
			isa = XCConfigurationList;
			buildConfigurations = (
				B6DBD9252BE05734007116CC /* Debug */,
				B6DBD9262BE05734007116CC /* Release */,
			);
			defaultConfigurationIsVisible = 0;
			defaultConfigurationName = Release;
		};
		B6DBD9272BE05734007116CC /* Build configuration list for PBXNativeTarget "SportsApplicationTests" */ = {
			isa = XCConfigurationList;
			buildConfigurations = (
				B6DBD9282BE05734007116CC /* Debug */,
				B6DBD9292BE05734007116CC /* Release */,
			);
			defaultConfigurationIsVisible = 0;
			defaultConfigurationName = Release;
		};
		B6DBD92A2BE05734007116CC /* Build configuration list for PBXNativeTarget "SportsApplicationUITests" */ = {
			isa = XCConfigurationList;
			buildConfigurations = (
				B6DBD92B2BE05734007116CC /* Debug */,
				B6DBD92C2BE05734007116CC /* Release */,
			);
			defaultConfigurationIsVisible = 0;
			defaultConfigurationName = Release;
		};
/* End XCConfigurationList section */

/* Begin XCVersionGroup section */
		B6AF94C12BFF970D00E18AAF /* SportsApplication.xcdatamodeld */ = {
			isa = XCVersionGroup;
			children = (
				B6AF94C22BFF970D00E18AAF /* SportsApplication.xcdatamodel */,
			);
			currentVersion = B6AF94C22BFF970D00E18AAF /* SportsApplication.xcdatamodel */;
			path = SportsApplication.xcdatamodeld;
			sourceTree = "<group>";
			versionGroupType = wrapper.xcdatamodel;
		};
/* End XCVersionGroup section */
	};
	rootObject = B6DBD8F22BE05732007116CC /* Project object */;
}
